
Microsoft Visual Studio Solution File, Format Version 12.00
# Visual Studio Version 17
VisualStudioVersion = 17.4.33213.308
MinimumVisualStudioVersion = 10.0.40219.1
Project("{FAE04EC0-301F-11D3-BF4B-00C04F79EFBC}") = "SharpInvaders", "SharpInvaders\SharpInvaders.csproj", "{C5C95B98-CB35-4CF3-9FD2-D0D9702AB89A}"
EndProject
Global
	GlobalSection(SolutionConfigurationPlatforms) = preSolution
		Debug|Any CPU = Debug|Any CPU
		Release|Any CPU = Release|Any CPU
	EndGlobalSection
	GlobalSection(ProjectConfigurationPlatforms) = postSolution
		{C5C95B98-CB35-4CF3-9FD2-D0D9702AB89A}.Debug|Any CPU.ActiveCfg = Debug|Any CPU
		{C5C95B98-CB35-4CF3-9FD2-D0D9702AB89A}.Debug|Any CPU.Build.0 = Debug|Any CPU
		{C5C95B98-CB35-4CF3-9FD2-D0D9702AB89A}.Release|Any CPU.ActiveCfg = Release|Any CPU
		{C5C95B98-CB35-4CF3-9FD2-D0D9702AB89A}.Release|Any CPU.Build.0 = Release|Any CPU
	EndGlobalSection
	GlobalSection(SolutionProperties) = preSolution
		HideSolutionNode = FALSE
	EndGlobalSection
	GlobalSection(ExtensibilityGlobals) = postSolution
		SolutionGuid = {DA7D8A0F-DBE3-4F2B-A81B-87B4773D5811}
	EndGlobalSection
EndGlobal
